
Microsoft Visual Studio Solution File, Format Version 12.00
# Visual Studio Version 17
VisualStudioVersion = 17.5.33530.505
MinimumVisualStudioVersion = 10.0.40219.1
Project("{FAE04EC0-301F-11D3-BF4B-00C04F79EFBC}") = "Entities", "Entities\Entities.csproj", "{6CAE5906-FA59-44C1-B8DC-BCCAFE553FE8}"
EndProject
Project("{FAE04EC0-301F-11D3-BF4B-00C04F79EFBC}") = "DataAccess", "DataAccess\DataAccess.csproj", "{F7E00EEB-DC53-4D08-8FE8-DA6DD0D8A178}"
EndProject
Project("{FAE04EC0-301F-11D3-BF4B-00C04F79EFBC}") = "Business", "Business\Business.csproj", "{3EF51FF7-B640-469E-B921-BD054CC665B5}"
EndProject
Project("{FAE04EC0-301F-11D3-BF4B-00C04F79EFBC}") = "ConsoleUI", "ConsoleUI\ConsoleUI.csproj", "{89DAB188-6DED-452C-8D88-4E6AF8C88A59}"
EndProject
Global
	GlobalSection(SolutionConfigurationPlatforms) = preSolution
		Debug|Any CPU = Debug|Any CPU
		Release|Any CPU = Release|Any CPU
	EndGlobalSection
	GlobalSection(ProjectConfigurationPlatforms) = postSolution
		{6CAE5906-FA59-44C1-B8DC-BCCAFE553FE8}.Debug|Any CPU.ActiveCfg = Debug|Any CPU
		{6CAE5906-FA59-44C1-B8DC-BCCAFE553FE8}.Debug|Any CPU.Build.0 = Debug|Any CPU
		{6CAE5906-FA59-44C1-B8DC-BCCAFE553FE8}.Release|Any CPU.ActiveCfg = Release|Any CPU
		{6CAE5906-FA59-44C1-B8DC-BCCAFE553FE8}.Release|Any CPU.Build.0 = Release|Any CPU
		{F7E00EEB-DC53-4D08-8FE8-DA6DD0D8A178}.Debug|Any CPU.ActiveCfg = Debug|Any CPU
		{F7E00EEB-DC53-4D08-8FE8-DA6DD0D8A178}.Debug|Any CPU.Build.0 = Debug|Any CPU
		{F7E00EEB-DC53-4D08-8FE8-DA6DD0D8A178}.Release|Any CPU.ActiveCfg = Release|Any CPU
		{F7E00EEB-DC53-4D08-8FE8-DA6DD0D8A178}.Release|Any CPU.Build.0 = Release|Any CPU
		{3EF51FF7-B640-469E-B921-BD054CC665B5}.Debug|Any CPU.ActiveCfg = Debug|Any CPU
		{3EF51FF7-B640-469E-B921-BD054CC665B5}.Debug|Any CPU.Build.0 = Debug|Any CPU
		{3EF51FF7-B640-469E-B921-BD054CC665B5}.Release|Any CPU.ActiveCfg = Release|Any CPU
		{3EF51FF7-B640-469E-B921-BD054CC665B5}.Release|Any CPU.Build.0 = Release|Any CPU
		{89DAB188-6DED-452C-8D88-4E6AF8C88A59}.Debug|Any CPU.ActiveCfg = Debug|Any CPU
		{89DAB188-6DED-452C-8D88-4E6AF8C88A59}.Debug|Any CPU.Build.0 = Debug|Any CPU
		{89DAB188-6DED-452C-8D88-4E6AF8C88A59}.Release|Any CPU.ActiveCfg = Release|Any CPU
		{89DAB188-6DED-452C-8D88-4E6AF8C88A59}.Release|Any CPU.Build.0 = Release|Any CPU
	EndGlobalSection
	GlobalSection(SolutionProperties) = preSolution
		HideSolutionNode = FALSE
	EndGlobalSection
	GlobalSection(ExtensibilityGlobals) = postSolution
		SolutionGuid = {B79B00AA-D8E0-402F-89EB-BA7E9011FC78}
	EndGlobalSection
EndGlobal
